
Microsoft Visual Studio Solution File, Format Version 12.00
# Visual Studio Version 16
VisualStudioVersion = 16.0.33927.289
MinimumVisualStudioVersion = 10.0.40219.1
Project("{2150E333-8FDC-42A3-9474-1A3956D46DE8}") = "Task0", "Task0", "{7F4EC895-19F4-44EE-979C-A0EFC3E0A174}"
EndProject
Project("{FAE04EC0-301F-11D3-BF4B-00C04F79EFBC}") = "Tyuiu.DubrovinSN.Sprint5.Task0.V26", "Tyuiu.DubrovinSN.Sprint5.Task0.V26\Tyuiu.DubrovinSN.Sprint5.Task0.V26.csproj", "{C5B191AE-76D9-4FF8-9D7D-8FAE79D2FFDB}"
EndProject
Project("{FAE04EC0-301F-11D3-BF4B-00C04F79EFBC}") = "Tyuiu.DubrovinSN.Sprint5.Task0.V26.Lib", "Tyuiu.DubrovinSN.Sprint5.Task0.V26.Lib\Tyuiu.DubrovinSN.Sprint5.Task0.V26.Lib.csproj", "{9B07EF03-6083-430C-BFDB-312344D1A07B}"
EndProject
Project("{FAE04EC0-301F-11D3-BF4B-00C04F79EFBC}") = "Tyuiu.DubrovinSN.Sprint5.Task0.V26.Test", "Tyuiu.DubrovinSN.Sprint5.Task0.V26.Test\Tyuiu.DubrovinSN.Sprint5.Task0.V26.Test.csproj", "{DF00E52F-14D9-4005-8B98-1EB99FC6AEFF}"
EndProject
Project("{2150E333-8FDC-42A3-9474-1A3956D46DE8}") = "Task1", "Task1", "{FE4C4AC7-8DD9-4CE0-9CB1-44A26373B403}"
EndProject
Project("{FAE04EC0-301F-11D3-BF4B-00C04F79EFBC}") = "Tyuiu.DubrovinSN.Sprint5.Task1.V3", "Tyuiu.DubrovinSN.Sprint5.Task1.V3\Tyuiu.DubrovinSN.Sprint5.Task1.V3.csproj", "{95E05662-7380-43EF-8637-D7AF1DD69752}"
EndProject
Project("{FAE04EC0-301F-11D3-BF4B-00C04F79EFBC}") = "Tyuiu.DubrovinSN.Sprint5.Task1.V3.Lib", "Tyuiu.DubrovinSN.Sprint5.Task1.V3.Lib\Tyuiu.DubrovinSN.Sprint5.Task1.V3.Lib.csproj", "{5E04F2E5-8C56-40D9-862E-79424A052169}"
EndProject
Project("{FAE04EC0-301F-11D3-BF4B-00C04F79EFBC}") = "Tyuiu.DubrovinSN.Sprint5.Task1.V3.Test", "Tyuiu.DubrovinSN.Sprint5.Task1.V3.Test\Tyuiu.DubrovinSN.Sprint5.Task1.V3.Test.csproj", "{B50697F6-56B3-4BB3-9B80-9986765EB68B}"
EndProject
Project("{2150E333-8FDC-42A3-9474-1A3956D46DE8}") = "Task2", "Task2", "{4B64587A-2663-46EA-BBA3-8559DAB361A9}"
EndProject
Project("{FAE04EC0-301F-11D3-BF4B-00C04F79EFBC}") = "Tyuiu.DubrovinSN.Sprint5.Task2.V29", "Tyuiu.DubrovinSN.Sprint5.Task2.V29\Tyuiu.DubrovinSN.Sprint5.Task2.V29.csproj", "{E05A1BE3-7E14-4E6A-91D6-D5F50D8CD971}"
EndProject
Project("{FAE04EC0-301F-11D3-BF4B-00C04F79EFBC}") = "Tyuiu.DubrovinSN.Sprint5.Task2.V29.Lib", "Tyuiu.DubrovinSN.Sprint5.Task2.V29.Lib\Tyuiu.DubrovinSN.Sprint5.Task2.V29.Lib.csproj", "{9080828B-D6E7-485B-AD10-A00E8068426B}"
EndProject
Project("{FAE04EC0-301F-11D3-BF4B-00C04F79EFBC}") = "Tyuiu.DubrovinSN.Sprint5.Task2.V29.Test", "Tyuiu.DubrovinSN.Sprint5.Task2.V29.Test\Tyuiu.DubrovinSN.Sprint5.Task2.V29.Test.csproj", "{48E0B4F0-637F-4335-A022-B887B16C6413}"
EndProject
Project("{2150E333-8FDC-42A3-9474-1A3956D46DE8}") = "Task3", "Task3", "{036EF5FC-7945-441B-B1D2-E3AF6758F3AA}"
EndProject
Project("{FAE04EC0-301F-11D3-BF4B-00C04F79EFBC}") = "Tyuiu.DubrovinSN.Sprint5.Task3.V27", "Tyuiu.DubrovinSN.Sprint5.Task3.V27\Tyuiu.DubrovinSN.Sprint5.Task3.V27.csproj", "{00EF2827-936B-47CC-9DFB-542DBEEF459A}"
EndProject
Project("{FAE04EC0-301F-11D3-BF4B-00C04F79EFBC}") = "Tyuiu.DubrovinSN.Sprint5.Task3.V27.Lib", "Tyuiu.DubrovinSN.Sprint5.Task3.V27.Lib\Tyuiu.DubrovinSN.Sprint5.Task3.V27.Lib.csproj", "{597EB282-FACC-432C-BA2D-7C44CE31B76B}"
EndProject
Project("{FAE04EC0-301F-11D3-BF4B-00C04F79EFBC}") = "Tyuiu.DubrovinSN.Sprint5.Task3.V27.Test", "Tyuiu.DubrovinSN.Sprint5.Task3.V27.Test\Tyuiu.DubrovinSN.Sprint5.Task3.V27.Test.csproj", "{ECF5B172-E9BB-4795-9E51-21EF0E87B750}"
EndProject
Global
	GlobalSection(SolutionConfigurationPlatforms) = preSolution
		Debug|Any CPU = Debug|Any CPU
		Release|Any CPU = Release|Any CPU
	EndGlobalSection
	GlobalSection(ProjectConfigurationPlatforms) = postSolution
		{C5B191AE-76D9-4FF8-9D7D-8FAE79D2FFDB}.Debug|Any CPU.ActiveCfg = Debug|Any CPU
		{C5B191AE-76D9-4FF8-9D7D-8FAE79D2FFDB}.Debug|Any CPU.Build.0 = Debug|Any CPU
		{C5B191AE-76D9-4FF8-9D7D-8FAE79D2FFDB}.Release|Any CPU.ActiveCfg = Release|Any CPU
		{C5B191AE-76D9-4FF8-9D7D-8FAE79D2FFDB}.Release|Any CPU.Build.0 = Release|Any CPU
		{9B07EF03-6083-430C-BFDB-312344D1A07B}.Debug|Any CPU.ActiveCfg = Debug|Any CPU
		{9B07EF03-6083-430C-BFDB-312344D1A07B}.Debug|Any CPU.Build.0 = Debug|Any CPU
		{9B07EF03-6083-430C-BFDB-312344D1A07B}.Release|Any CPU.ActiveCfg = Release|Any CPU
		{9B07EF03-6083-430C-BFDB-312344D1A07B}.Release|Any CPU.Build.0 = Release|Any CPU
		{DF00E52F-14D9-4005-8B98-1EB99FC6AEFF}.Debug|Any CPU.ActiveCfg = Debug|Any CPU
		{DF00E52F-14D9-4005-8B98-1EB99FC6AEFF}.Debug|Any CPU.Build.0 = Debug|Any CPU
		{DF00E52F-14D9-4005-8B98-1EB99FC6AEFF}.Release|Any CPU.ActiveCfg = Release|Any CPU
		{DF00E52F-14D9-4005-8B98-1EB99FC6AEFF}.Release|Any CPU.Build.0 = Release|Any CPU
		{95E05662-7380-43EF-8637-D7AF1DD69752}.Debug|Any CPU.ActiveCfg = Debug|Any CPU
		{95E05662-7380-43EF-8637-D7AF1DD69752}.Debug|Any CPU.Build.0 = Debug|Any CPU
		{95E05662-7380-43EF-8637-D7AF1DD69752}.Release|Any CPU.ActiveCfg = Release|Any CPU
		{95E05662-7380-43EF-8637-D7AF1DD69752}.Release|Any CPU.Build.0 = Release|Any CPU
		{5E04F2E5-8C56-40D9-862E-79424A052169}.Debug|Any CPU.ActiveCfg = Debug|Any CPU
		{5E04F2E5-8C56-40D9-862E-79424A052169}.Debug|Any CPU.Build.0 = Debug|Any CPU
		{5E04F2E5-8C56-40D9-862E-79424A052169}.Release|Any CPU.ActiveCfg = Release|Any CPU
		{5E04F2E5-8C56-40D9-862E-79424A052169}.Release|Any CPU.Build.0 = Release|Any CPU
		{B50697F6-56B3-4BB3-9B80-9986765EB68B}.Debug|Any CPU.ActiveCfg = Debug|Any CPU
		{B50697F6-56B3-4BB3-9B80-9986765EB68B}.Debug|Any CPU.Build.0 = Debug|Any CPU
		{B50697F6-56B3-4BB3-9B80-9986765EB68B}.Release|Any CPU.ActiveCfg = Release|Any CPU
		{B50697F6-56B3-4BB3-9B80-9986765EB68B}.Release|Any CPU.Build.0 = Release|Any CPU
		{E05A1BE3-7E14-4E6A-91D6-D5F50D8CD971}.Debug|Any CPU.ActiveCfg = Debug|Any CPU
		{E05A1BE3-7E14-4E6A-91D6-D5F50D8CD971}.Debug|Any CPU.Build.0 = Debug|Any CPU
		{E05A1BE3-7E14-4E6A-91D6-D5F50D8CD971}.Release|Any CPU.ActiveCfg = Release|Any CPU
		{E05A1BE3-7E14-4E6A-91D6-D5F50D8CD971}.Release|Any CPU.Build.0 = Release|Any CPU
		{9080828B-D6E7-485B-AD10-A00E8068426B}.Debug|Any CPU.ActiveCfg = Debug|Any CPU
		{9080828B-D6E7-485B-AD10-A00E8068426B}.Debug|Any CPU.Build.0 = Debug|Any CPU
		{9080828B-D6E7-485B-AD10-A00E8068426B}.Release|Any CPU.ActiveCfg = Release|Any CPU
		{9080828B-D6E7-485B-AD10-A00E8068426B}.Release|Any CPU.Build.0 = Release|Any CPU
		{48E0B4F0-637F-4335-A022-B887B16C6413}.Debug|Any CPU.ActiveCfg = Debug|Any CPU
		{48E0B4F0-637F-4335-A022-B887B16C6413}.Debug|Any CPU.Build.0 = Debug|Any CPU
		{48E0B4F0-637F-4335-A022-B887B16C6413}.Release|Any CPU.ActiveCfg = Release|Any CPU
		{48E0B4F0-637F-4335-A022-B887B16C6413}.Release|Any CPU.Build.0 = Release|Any CPU
		{00EF2827-936B-47CC-9DFB-542DBEEF459A}.Debug|Any CPU.ActiveCfg = Debug|Any CPU
		{00EF2827-936B-47CC-9DFB-542DBEEF459A}.Debug|Any CPU.Build.0 = Debug|Any CPU
		{00EF2827-936B-47CC-9DFB-542DBEEF459A}.Release|Any CPU.ActiveCfg = Release|Any CPU
		{00EF2827-936B-47CC-9DFB-542DBEEF459A}.Release|Any CPU.Build.0 = Release|Any CPU
		{597EB282-FACC-432C-BA2D-7C44CE31B76B}.Debug|Any CPU.ActiveCfg = Debug|Any CPU
		{597EB282-FACC-432C-BA2D-7C44CE31B76B}.Debug|Any CPU.Build.0 = Debug|Any CPU
		{597EB282-FACC-432C-BA2D-7C44CE31B76B}.Release|Any CPU.ActiveCfg = Release|Any CPU
		{597EB282-FACC-432C-BA2D-7C44CE31B76B}.Release|Any CPU.Build.0 = Release|Any CPU
		{ECF5B172-E9BB-4795-9E51-21EF0E87B750}.Debug|Any CPU.ActiveCfg = Debug|Any CPU
		{ECF5B172-E9BB-4795-9E51-21EF0E87B750}.Debug|Any CPU.Build.0 = Debug|Any CPU
		{ECF5B172-E9BB-4795-9E51-21EF0E87B750}.Release|Any CPU.ActiveCfg = Release|Any CPU
		{ECF5B172-E9BB-4795-9E51-21EF0E87B750}.Release|Any CPU.Build.0 = Release|Any CPU
	EndGlobalSection
	GlobalSection(SolutionProperties) = preSolution
		HideSolutionNode = FALSE
	EndGlobalSection
	GlobalSection(NestedProjects) = preSolution
		{C5B191AE-76D9-4FF8-9D7D-8FAE79D2FFDB} = {7F4EC895-19F4-44EE-979C-A0EFC3E0A174}
		{9B07EF03-6083-430C-BFDB-312344D1A07B} = {7F4EC895-19F4-44EE-979C-A0EFC3E0A174}
		{DF00E52F-14D9-4005-8B98-1EB99FC6AEFF} = {7F4EC895-19F4-44EE-979C-A0EFC3E0A174}
		{95E05662-7380-43EF-8637-D7AF1DD69752} = {FE4C4AC7-8DD9-4CE0-9CB1-44A26373B403}
		{5E04F2E5-8C56-40D9-862E-79424A052169} = {FE4C4AC7-8DD9-4CE0-9CB1-44A26373B403}
		{B50697F6-56B3-4BB3-9B80-9986765EB68B} = {FE4C4AC7-8DD9-4CE0-9CB1-44A26373B403}
		{E05A1BE3-7E14-4E6A-91D6-D5F50D8CD971} = {4B64587A-2663-46EA-BBA3-8559DAB361A9}
		{9080828B-D6E7-485B-AD10-A00E8068426B} = {4B64587A-2663-46EA-BBA3-8559DAB361A9}
		{48E0B4F0-637F-4335-A022-B887B16C6413} = {4B64587A-2663-46EA-BBA3-8559DAB361A9}
		{00EF2827-936B-47CC-9DFB-542DBEEF459A} = {036EF5FC-7945-441B-B1D2-E3AF6758F3AA}
		{597EB282-FACC-432C-BA2D-7C44CE31B76B} = {036EF5FC-7945-441B-B1D2-E3AF6758F3AA}
		{ECF5B172-E9BB-4795-9E51-21EF0E87B750} = {036EF5FC-7945-441B-B1D2-E3AF6758F3AA}
	EndGlobalSection
	GlobalSection(ExtensibilityGlobals) = postSolution
		SolutionGuid = {6AA7AE2E-A628-4BE8-8B3F-FAA3DBD55F34}
	EndGlobalSection
EndGlobal
